
Microsoft Visual Studio Solution File, Format Version 12.00
# Visual Studio Version 17
VisualStudioVersion = 17.13.35806.99
MinimumVisualStudioVersion = 10.0.40219.1
Project("{FAE04EC0-301F-11D3-BF4B-00C04F79EFBC}") = "ConsoleApp1", "ConsoleApp1.csproj", "{F99CBE4F-47F1-48B3-9718-9FF303574E24}"
EndProject
Project("{FAE04EC0-301F-11D3-BF4B-00C04F79EFBC}") = "TestProject1", "..\TestProject1\TestProject1.csproj", "{68EAB37D-1270-44FE-B696-79D535644067}"
EndProject
Global
	GlobalSection(SolutionConfigurationPlatforms) = preSolution
		Debug|Any CPU = Debug|Any CPU
		Release|Any CPU = Release|Any CPU
	EndGlobalSection
	GlobalSection(ProjectConfigurationPlatforms) = postSolution
		{F99CBE4F-47F1-48B3-9718-9FF303574E24}.Debug|Any CPU.ActiveCfg = Debug|Any CPU
		{F99CBE4F-47F1-48B3-9718-9FF303574E24}.Debug|Any CPU.Build.0 = Debug|Any CPU
		{F99CBE4F-47F1-48B3-9718-9FF303574E24}.Release|Any CPU.ActiveCfg = Release|Any CPU
		{F99CBE4F-47F1-48B3-9718-9FF303574E24}.Release|Any CPU.Build.0 = Release|Any CPU
		{68EAB37D-1270-44FE-B696-79D535644067}.Debug|Any CPU.ActiveCfg = Debug|Any CPU
		{68EAB37D-1270-44FE-B696-79D535644067}.Debug|Any CPU.Build.0 = Debug|Any CPU
		{68EAB37D-1270-44FE-B696-79D535644067}.Release|Any CPU.ActiveCfg = Release|Any CPU
		{68EAB37D-1270-44FE-B696-79D535644067}.Release|Any CPU.Build.0 = Release|Any CPU
	EndGlobalSection
	GlobalSection(SolutionProperties) = preSolution
		HideSolutionNode = FALSE
	EndGlobalSection
	GlobalSection(ExtensibilityGlobals) = postSolution
		SolutionGuid = {69427711-E96A-4BC0-9562-952AE6EFB68A}
	EndGlobalSection
EndGlobal
